
Microsoft Visual Studio Solution File, Format Version 12.00
# Visual Studio Version 16
VisualStudioVersion = 16.0.31205.134
MinimumVisualStudioVersion = 10.0.40219.1
Project("{FAE04EC0-301F-11D3-BF4B-00C04F79EFBC}") = "MergeSortNN", "MergeSortNN\MergeSortNN.csproj", "{2AD8188C-6B58-4822-A30A-4DB25327A8CB}"
EndProject
Global
	GlobalSection(SolutionConfigurationPlatforms) = preSolution
		Debug|Any CPU = Debug|Any CPU
		Release|Any CPU = Release|Any CPU
	EndGlobalSection
	GlobalSection(ProjectConfigurationPlatforms) = postSolution
		{2AD8188C-6B58-4822-A30A-4DB25327A8CB}.Debug|Any CPU.ActiveCfg = Debug|Any CPU
		{2AD8188C-6B58-4822-A30A-4DB25327A8CB}.Debug|Any CPU.Build.0 = Debug|Any CPU
		{2AD8188C-6B58-4822-A30A-4DB25327A8CB}.Release|Any CPU.ActiveCfg = Release|Any CPU
		{2AD8188C-6B58-4822-A30A-4DB25327A8CB}.Release|Any CPU.Build.0 = Release|Any CPU
	EndGlobalSection
	GlobalSection(SolutionProperties) = preSolution
		HideSolutionNode = FALSE
	EndGlobalSection
	GlobalSection(ExtensibilityGlobals) = postSolution
		SolutionGuid = {8D1B503A-072B-491B-8D41-86F33D7B4A29}
	EndGlobalSection
EndGlobal
